
Microsoft Visual Studio Solution File, Format Version 12.00
# Visual Studio Version 16
VisualStudioVersion = 16.0.29519.87
MinimumVisualStudioVersion = 10.0.40219.1
Project("{FAE04EC0-301F-11D3-BF4B-00C04F79EFBC}") = "BroadCastHelperLib", "BroadCastHelperLib.csproj", "{19C6FEC3-7B03-4F1E-A5CE-8766A3A9D38B}"
EndProject
Global
	GlobalSection(SolutionConfigurationPlatforms) = preSolution
		Debug|Any CPU = Debug|Any CPU
		Release|Any CPU = Release|Any CPU
	EndGlobalSection
	GlobalSection(ProjectConfigurationPlatforms) = postSolution
		{19C6FEC3-7B03-4F1E-A5CE-8766A3A9D38B}.Debug|Any CPU.ActiveCfg = Debug|Any CPU
		{19C6FEC3-7B03-4F1E-A5CE-8766A3A9D38B}.Debug|Any CPU.Build.0 = Debug|Any CPU
		{19C6FEC3-7B03-4F1E-A5CE-8766A3A9D38B}.Release|Any CPU.ActiveCfg = Release|Any CPU
		{19C6FEC3-7B03-4F1E-A5CE-8766A3A9D38B}.Release|Any CPU.Build.0 = Release|Any CPU
	EndGlobalSection
	GlobalSection(SolutionProperties) = preSolution
		HideSolutionNode = FALSE
	EndGlobalSection
	GlobalSection(ExtensibilityGlobals) = postSolution
		SolutionGuid = {4F8F70E1-EBB9-47DC-B368-D1127C9DC1E4}
	EndGlobalSection
EndGlobal
